// !$*UTF8*$!
{
	archiveVersion = 1;
	classes = {
	};
	objectVersion = 55;
	objects = {

/* Begin PBXBuildFile section */
		7882E71E27ED241D009E511E /* AppDelegate.swift in Sources */ = {isa = PBXBuildFile; fileRef = 7882E71D27ED241D009E511E /* AppDelegate.swift */; };
		7882E72027ED241D009E511E /* SceneDelegate.swift in Sources */ = {isa = PBXBuildFile; fileRef = 7882E71F27ED241D009E511E /* SceneDelegate.swift */; };
		7882E72227ED241D009E511E /* ViewController.swift in Sources */ = {isa = PBXBuildFile; fileRef = 7882E72127ED241D009E511E /* ViewController.swift */; };
		7882E72527ED241E009E511E /* Main.storyboard in Resources */ = {isa = PBXBuildFile; fileRef = 7882E72327ED241E009E511E /* Main.storyboard */; };
		7882E72827ED241E009E511E /* CountdownApp.xcdatamodeld in Sources */ = {isa = PBXBuildFile; fileRef = 7882E72627ED241E009E511E /* CountdownApp.xcdatamodeld */; };
		7882E72A27ED2425009E511E /* Assets.xcassets in Resources */ = {isa = PBXBuildFile; fileRef = 7882E72927ED2425009E511E /* Assets.xcassets */; };
		7882E72D27ED2425009E511E /* LaunchScreen.storyboard in Resources */ = {isa = PBXBuildFile; fileRef = 7882E72B27ED2425009E511E /* LaunchScreen.storyboard */; };
		7882E73827ED2425009E511E /* CountdownAppTests.swift in Sources */ = {isa = PBXBuildFile; fileRef = 7882E73727ED2425009E511E /* CountdownAppTests.swift */; };
		7882E74227ED2425009E511E /* CountdownAppUITests.swift in Sources */ = {isa = PBXBuildFile; fileRef = 7882E74127ED2425009E511E /* CountdownAppUITests.swift */; };
		7882E74427ED2425009E511E /* CountdownAppUITestsLaunchTests.swift in Sources */ = {isa = PBXBuildFile; fileRef = 7882E74327ED2425009E511E /* CountdownAppUITestsLaunchTests.swift */; };
/* End PBXBuildFile section */

/* Begin PBXContainerItemProxy section */
		7882E73427ED2425009E511E /* PBXContainerItemProxy */ = {
			isa = PBXContainerItemProxy;
			containerPortal = 7882E71227ED241D009E511E /* Project object */;
			proxyType = 1;
			remoteGlobalIDString = 7882E71927ED241D009E511E;
			remoteInfo = CountdownApp;
		};
		7882E73E27ED2425009E511E /* PBXContainerItemProxy */ = {
			isa = PBXContainerItemProxy;
			containerPortal = 7882E71227ED241D009E511E /* Project object */;
			proxyType = 1;
			remoteGlobalIDString = 7882E71927ED241D009E511E;
			remoteInfo = CountdownApp;
		};
/* End PBXContainerItemProxy section */

/* Begin PBXFileReference section */
		7882E71A27ED241D009E511E /* CountdownApp.app */ = {isa = PBXFileReference; explicitFileType = wrapper.application; includeInIndex = 0; path = CountdownApp.app; sourceTree = BUILT_PRODUCTS_DIR; };
		7882E71D27ED241D009E511E /* AppDelegate.swift */ = {isa = PBXFileReference; lastKnownFileType = sourcecode.swift; path = AppDelegate.swift; sourceTree = "<group>"; };
		7882E71F27ED241D009E511E /* SceneDelegate.swift */ = {isa = PBXFileReference; lastKnownFileType = sourcecode.swift; path = SceneDelegate.swift; sourceTree = "<group>"; };
		7882E72127ED241D009E511E /* ViewController.swift */ = {isa = PBXFileReference; lastKnownFileType = sourcecode.swift; path = ViewController.swift; sourceTree = "<group>"; };
		7882E72427ED241E009E511E /* Base */ = {isa = PBXFileReference; lastKnownFileType = file.storyboard; name = Base; path = Base.lproj/Main.storyboard; sourceTree = "<group>"; };
		7882E72727ED241E009E511E /* CountdownApp.xcdatamodel */ = {isa = PBXFileReference; lastKnownFileType = wrapper.xcdatamodel; path = CountdownApp.xcdatamodel; sourceTree = "<group>"; };
		7882E72927ED2425009E511E /* Assets.xcassets */ = {isa = PBXFileReference; lastKnownFileType = folder.assetcatalog; path = Assets.xcassets; sourceTree = "<group>"; };
		7882E72C27ED2425009E511E /* Base */ = {isa = PBXFileReference; lastKnownFileType = file.storyboard; name = Base; path = Base.lproj/LaunchScreen.storyboard; sourceTree = "<group>"; };
		7882E72E27ED2425009E511E /* Info.plist */ = {isa = PBXFileReference; lastKnownFileType = text.plist.xml; path = Info.plist; sourceTree = "<group>"; };
		7882E73327ED2425009E511E /* CountdownAppTests.xctest */ = {isa = PBXFileReference; explicitFileType = wrapper.cfbundle; includeInIndex = 0; path = CountdownAppTests.xctest; sourceTree = BUILT_PRODUCTS_DIR; };
		7882E73727ED2425009E511E /* CountdownAppTests.swift */ = {isa = PBXFileReference; lastKnownFileType = sourcecode.swift; path = CountdownAppTests.swift; sourceTree = "<group>"; };
		7882E73D27ED2425009E511E /* CountdownAppUITests.xctest */ = {isa = PBXFileReference; explicitFileType = wrapper.cfbundle; includeInIndex = 0; path = CountdownAppUITests.xctest; sourceTree = BUILT_PRODUCTS_DIR; };
		7882E74127ED2425009E511E /* CountdownAppUITests.swift */ = {isa = PBXFileReference; lastKnownFileType = sourcecode.swift; path = CountdownAppUITests.swift; sourceTree = "<group>"; };
		7882E74327ED2425009E511E /* CountdownAppUITestsLaunchTests.swift */ = {isa = PBXFileReference; lastKnownFileType = sourcecode.swift; path = CountdownAppUITestsLaunchTests.swift; sourceTree = "<group>"; };
/* End PBXFileReference section */

/* Begin PBXFrameworksBuildPhase section */
		7882E71727ED241D009E511E /* Frameworks */ = {
			isa = PBXFrameworksBuildPhase;
			buildActionMask = 2147483647;
			files = (
			);
			runOnlyForDeploymentPostprocessing = 0;
		};
		7882E73027ED2425009E511E /* Frameworks */ = {
			isa = PBXFrameworksBuildPhase;
			buildActionMask = 2147483647;
			files = (
			);
			runOnlyForDeploymentPostprocessing = 0;
		};
		7882E73A27ED2425009E511E /* Frameworks */ = {
			isa = PBXFrameworksBuildPhase;
			buildActionMask = 2147483647;
			files = (
			);
			runOnlyForDeploymentPostprocessing = 0;
		};
/* End PBXFrameworksBuildPhase section */

/* Begin PBXGroup section */
		7882E71127ED241D009E511E = {
			isa = PBXGroup;
			children = (
				7882E71C27ED241D009E511E /* CountdownApp */,
				7882E73627ED2425009E511E /* CountdownAppTests */,
				7882E74027ED2425009E511E /* CountdownAppUITests */,
				7882E71B27ED241D009E511E /* Products */,
			);
			sourceTree = "<group>";
		};
		7882E71B27ED241D009E511E /* Products */ = {
			isa = PBXGroup;
			children = (
				7882E71A27ED241D009E511E /* CountdownApp.app */,
				7882E73327ED2425009E511E /* CountdownAppTests.xctest */,
				7882E73D27ED2425009E511E /* CountdownAppUITests.xctest */,
			);
			name = Products;
			sourceTree = "<group>";
		};
		7882E71C27ED241D009E511E /* CountdownApp */ = {
			isa = PBXGroup;
			children = (
				7882E71D27ED241D009E511E /* AppDelegate.swift */,
				7882E71F27ED241D009E511E /* SceneDelegate.swift */,
				7882E72127ED241D009E511E /* ViewController.swift */,
				7882E72327ED241E009E511E /* Main.storyboard */,
				7882E72927ED2425009E511E /* Assets.xcassets */,
				7882E72B27ED2425009E511E /* LaunchScreen.storyboard */,
				7882E72E27ED2425009E511E /* Info.plist */,
				7882E72627ED241E009E511E /* CountdownApp.xcdatamodeld */,
			);
			path = CountdownApp;
			sourceTree = "<group>";
		};
		7882E73627ED2425009E511E /* CountdownAppTests */ = {
			isa = PBXGroup;
			children = (
				7882E73727ED2425009E511E /* CountdownAppTests.swift */,
			);
			path = CountdownAppTests;
			sourceTree = "<group>";
		};
		7882E74027ED2425009E511E /* CountdownAppUITests */ = {
			isa = PBXGroup;
			children = (
				7882E74127ED2425009E511E /* CountdownAppUITests.swift */,
				7882E74327ED2425009E511E /* CountdownAppUITestsLaunchTests.swift */,
			);
			path = CountdownAppUITests;
			sourceTree = "<group>";
		};
/* End PBXGroup section */

/* Begin PBXNativeTarget section */
		7882E71927ED241D009E511E /* CountdownApp */ = {
			isa = PBXNativeTarget;
			buildConfigurationList = 7882E74727ED2426009E511E /* Build configuration list for PBXNativeTarget "CountdownApp" */;
			buildPhases = (
				7882E71627ED241D009E511E /* Sources */,
				7882E71727ED241D009E511E /* Frameworks */,
				7882E71827ED241D009E511E /* Resources */,
			);
			buildRules = (
			);
			dependencies = (
			);
			name = CountdownApp;
			productName = CountdownApp;
			productReference = 7882E71A27ED241D009E511E /* CountdownApp.app */;
			productType = "com.apple.product-type.application";
		};
		7882E73227ED2425009E511E /* CountdownAppTests */ = {
			isa = PBXNativeTarget;
			buildConfigurationList = 7882E74A27ED2426009E511E /* Build configuration list for PBXNativeTarget "CountdownAppTests" */;
			buildPhases = (
				7882E72F27ED2425009E511E /* Sources */,
				7882E73027ED2425009E511E /* Frameworks */,
				7882E73127ED2425009E511E /* Resources */,
			);
			buildRules = (
			);
			dependencies = (
				7882E73527ED2425009E511E /* PBXTargetDependency */,
			);
			name = CountdownAppTests;
			productName = CountdownAppTests;
			productReference = 7882E73327ED2425009E511E /* CountdownAppTests.xctest */;
			productType = "com.apple.product-type.bundle.unit-test";
		};
		7882E73C27ED2425009E511E /* CountdownAppUITests */ = {
			isa = PBXNativeTarget;
			buildConfigurationList = 7882E74D27ED2426009E511E /* Build configuration list for PBXNativeTarget "CountdownAppUITests" */;
			buildPhases = (
				7882E73927ED2425009E511E /* Sources */,
				7882E73A27ED2425009E511E /* Frameworks */,
				7882E73B27ED2425009E511E /* Resources */,
			);
			buildRules = (
			);
			dependencies = (
				7882E73F27ED2425009E511E /* PBXTargetDependency */,
			);
			name = CountdownAppUITests;
			productName = CountdownAppUITests;
			productReference = 7882E73D27ED2425009E511E /* CountdownAppUITests.xctest */;
			productType = "com.apple.product-type.bundle.ui-testing";
		};
/* End PBXNativeTarget section */

/* Begin PBXProject section */
		7882E71227ED241D009E511E /* Project object */ = {
			isa = PBXProject;
			attributes = {
				BuildIndependentTargetsInParallel = 1;
				LastSwiftUpdateCheck = 1310;
				LastUpgradeCheck = 1310;
				TargetAttributes = {
					7882E71927ED241D009E511E = {
						CreatedOnToolsVersion = 13.1;
					};
					7882E73227ED2425009E511E = {
						CreatedOnToolsVersion = 13.1;
						TestTargetID = 7882E71927ED241D009E511E;
					};
					7882E73C27ED2425009E511E = {
						CreatedOnToolsVersion = 13.1;
						TestTargetID = 7882E71927ED241D009E511E;
					};
				};
			};
			buildConfigurationList = 7882E71527ED241D009E511E /* Build configuration list for PBXProject "CountdownApp" */;
			compatibilityVersion = "Xcode 13.0";
			developmentRegion = en;
			hasScannedForEncodings = 0;
			knownRegions = (
				en,
				Base,
			);
			mainGroup = 7882E71127ED241D009E511E;
			productRefGroup = 7882E71B27ED241D009E511E /* Products */;
			projectDirPath = "";
			projectRoot = "";
			targets = (
				7882E71927ED241D009E511E /* CountdownApp */,
				7882E73227ED2425009E511E /* CountdownAppTests */,
				7882E73C27ED2425009E511E /* CountdownAppUITests */,
			);
		};
/* End PBXProject section */

/* Begin PBXResourcesBuildPhase section */
		7882E71827ED241D009E511E /* Resources */ = {
			isa = PBXResourcesBuildPhase;
			buildActionMask = 2147483647;
			files = (
				7882E72D27ED2425009E511E /* LaunchScreen.storyboard in Resources */,
				7882E72A27ED2425009E511E /* Assets.xcassets in Resources */,
				7882E72527ED241E009E511E /* Main.storyboard in Resources */,
			);
			runOnlyForDeploymentPostprocessing = 0;
		};
		7882E73127ED2425009E511E /* Resources */ = {
			isa = PBXResourcesBuildPhase;
			buildActionMask = 2147483647;
			files = (
			);
			runOnlyForDeploymentPostprocessing = 0;
		};
		7882E73B27ED2425009E511E /* Resources */ = {
			isa = PBXResourcesBuildPhase;
			buildActionMask = 2147483647;
			files = (
			);
			runOnlyForDeploymentPostprocessing = 0;
		};
/* End PBXResourcesBuildPhase section */

/* Begin PBXSourcesBuildPhase section */
		7882E71627ED241D009E511E /* Sources */ = {
			isa = PBXSourcesBuildPhase;
			buildActionMask = 2147483647;
			files = (
				7882E72227ED241D009E511E /* ViewController.swift in Sources */,
				7882E71E27ED241D009E511E /* AppDelegate.swift in Sources */,
				7882E72027ED241D009E511E /* SceneDelegate.swift in Sources */,
				7882E72827ED241E009E511E /* CountdownApp.xcdatamodeld in Sources */,
			);
			runOnlyForDeploymentPostprocessing = 0;
		};
		7882E72F27ED2425009E511E /* Sources */ = {
			isa = PBXSourcesBuildPhase;
			buildActionMask = 2147483647;
			files = (
				7882E73827ED2425009E511E /* CountdownAppTests.swift in Sources */,
			);
			runOnlyForDeploymentPostprocessing = 0;
		};
		7882E73927ED2425009E511E /* Sources */ = {
			isa = PBXSourcesBuildPhase;
			buildActionMask = 2147483647;
			files = (
				7882E74427ED2425009E511E /* CountdownAppUITestsLaunchTests.swift in Sources */,
				7882E74227ED2425009E511E /* CountdownAppUITests.swift in Sources */,
			);
			runOnlyForDeploymentPostprocessing = 0;
		};
/* End PBXSourcesBuildPhase section */

/* Begin PBXTargetDependency section */
		7882E73527ED2425009E511E /* PBXTargetDependency */ = {
			isa = PBXTargetDependency;
			target = 7882E71927ED241D009E511E /* CountdownApp */;
			targetProxy = 7882E73427ED2425009E511E /* PBXContainerItemProxy */;
		};
		7882E73F27ED2425009E511E /* PBXTargetDependency */ = {
			isa = PBXTargetDependency;
			target = 7882E71927ED241D009E511E /* CountdownApp */;
			targetProxy = 7882E73E27ED2425009E511E /* PBXContainerItemProxy */;
		};
/* End PBXTargetDependency section */

/* Begin PBXVariantGroup section */
		7882E72327ED241E009E511E /* Main.storyboard */ = {
			isa = PBXVariantGroup;
			children = (
				7882E72427ED241E009E511E /* Base */,
			);
			name = Main.storyboard;
			sourceTree = "<group>";
		};
		7882E72B27ED2425009E511E /* LaunchScreen.storyboard */ = {
			isa = PBXVariantGroup;
			children = (
				7882E72C27ED2425009E511E /* Base */,
			);
			name = LaunchScreen.storyboard;
			sourceTree = "<group>";
		};
/* End PBXVariantGroup section */

/* Begin XCBuildConfiguration section */
		7882E74527ED2426009E511E /* Debug */ = {
			isa = XCBuildConfiguration;
			buildSettings = {
				ALWAYS_SEARCH_USER_PATHS = NO;
				CLANG_ANALYZER_NONNULL = YES;
				CLANG_ANALYZER_NUMBER_OBJECT_CONVERSION = YES_AGGRESSIVE;
				CLANG_CXX_LANGUAGE_STANDARD = "gnu++17";
				CLANG_CXX_LIBRARY = "libc++";
				CLANG_ENABLE_MODULES = YES;
				CLANG_ENABLE_OBJC_ARC = YES;
				CLANG_ENABLE_OBJC_WEAK = YES;
				CLANG_WARN_BLOCK_CAPTURE_AUTORELEASING = YES;
				CLANG_WARN_BOOL_CONVERSION = YES;
				CLANG_WARN_COMMA = YES;
				CLANG_WARN_CONSTANT_CONVERSION = YES;
				CLANG_WARN_DEPRECATED_OBJC_IMPLEMENTATIONS = YES;
				CLANG_WARN_DIRECT_OBJC_ISA_USAGE = YES_ERROR;
				CLANG_WARN_DOCUMENTATION_COMMENTS = YES;
				CLANG_WARN_EMPTY_BODY = YES;
				CLANG_WARN_ENUM_CONVERSION = YES;
				CLANG_WARN_INFINITE_RECURSION = YES;
				CLANG_WARN_INT_CONVERSION = YES;
				CLANG_WARN_NON_LITERAL_NULL_CONVERSION = YES;
				CLANG_WARN_OBJC_IMPLICIT_RETAIN_SELF = YES;
				CLANG_WARN_OBJC_LITERAL_CONVERSION = YES;
				CLANG_WARN_OBJC_ROOT_CLASS = YES_ERROR;
				CLANG_WARN_QUOTED_INCLUDE_IN_FRAMEWORK_HEADER = YES;
				CLANG_WARN_RANGE_LOOP_ANALYSIS = YES;
				CLANG_WARN_STRICT_PROTOTYPES = YES;
				CLANG_WARN_SUSPICIOUS_MOVE = YES;
				CLANG_WARN_UNGUARDED_AVAILABILITY = YES_AGGRESSIVE;
				CLANG_WARN_UNREACHABLE_CODE = YES;
				CLANG_WARN__DUPLICATE_METHOD_MATCH = YES;
				COPY_PHASE_STRIP = NO;
				DEBUG_INFORMATION_FORMAT = dwarf;
				ENABLE_STRICT_OBJC_MSGSEND = YES;
				ENABLE_TESTABILITY = YES;
				GCC_C_LANGUAGE_STANDARD = gnu11;
				GCC_DYNAMIC_NO_PIC = NO;
				GCC_NO_COMMON_BLOCKS = YES;
				GCC_OPTIMIZATION_LEVEL = 0;
				GCC_PREPROCESSOR_DEFINITIONS = (
					"DEBUG=1",
					"$(inherited)",
				);
				GCC_WARN_64_TO_32_BIT_CONVERSION = YES;
				GCC_WARN_ABOUT_RETURN_TYPE = YES_ERROR;
				GCC_WARN_UNDECLARED_SELECTOR = YES;
				GCC_WARN_UNINITIALIZED_AUTOS = YES_AGGRESSIVE;
				GCC_WARN_UNUSED_FUNCTION = YES;
				GCC_WARN_UNUSED_VARIABLE = YES;
				IPHONEOS_DEPLOYMENT_TARGET = 15.0;
				MTL_ENABLE_DEBUG_INFO = INCLUDE_SOURCE;
				MTL_FAST_MATH = YES;
				ONLY_ACTIVE_ARCH = YES;
				SDKROOT = iphoneos;
				SWIFT_ACTIVE_COMPILATION_CONDITIONS = DEBUG;
				SWIFT_OPTIMIZATION_LEVEL = "-Onone";
			};
			name = Debug;
		};
		7882E74627ED2426009E511E /* Release */ = {
			isa = XCBuildConfiguration;
			buildSettings = {
				ALWAYS_SEARCH_USER_PATHS = NO;
				CLANG_ANALYZER_NONNULL = YES;
				CLANG_ANALYZER_NUMBER_OBJECT_CONVERSION = YES_AGGRESSIVE;
				CLANG_CXX_LANGUAGE_STANDARD = "gnu++17";
				CLANG_CXX_LIBRARY = "libc++";
				CLANG_ENABLE_MODULES = YES;
				CLANG_ENABLE_OBJC_ARC = YES;
				CLANG_ENABLE_OBJC_WEAK = YES;
				CLANG_WARN_BLOCK_CAPTURE_AUTORELEASING = YES;
				CLANG_WARN_BOOL_CONVERSION = YES;
				CLANG_WARN_COMMA = YES;
				CLANG_WARN_CONSTANT_CONVERSION = YES;
				CLANG_WARN_DEPRECATED_OBJC_IMPLEMENTATIONS = YES;
				CLANG_WARN_DIRECT_OBJC_ISA_USAGE = YES_ERROR;
				CLANG_WARN_DOCUMENTATION_COMMENTS = YES;
				CLANG_WARN_EMPTY_BODY = YES;
				CLANG_WARN_ENUM_CONVERSION = YES;
				CLANG_WARN_INFINITE_RECURSION = YES;
				CLANG_WARN_INT_CONVERSION = YES;
				CLANG_WARN_NON_LITERAL_NULL_CONVERSION = YES;
				CLANG_WARN_OBJC_IMPLICIT_RETAIN_SELF = YES;
				CLANG_WARN_OBJC_LITERAL_CONVERSION = YES;
				CLANG_WARN_OBJC_ROOT_CLASS = YES_ERROR;
				CLANG_WARN_QUOTED_INCLUDE_IN_FRAMEWORK_HEADER = YES;
				CLANG_WARN_RANGE_LOOP_ANALYSIS = YES;
				CLANG_WARN_STRICT_PROTOTYPES = YES;
				CLANG_WARN_SUSPICIOUS_MOVE = YES;
				CLANG_WARN_UNGUARDED_AVAILABILITY = YES_AGGRESSIVE;
				CLANG_WARN_UNREACHABLE_CODE = YES;
				CLANG_WARN__DUPLICATE_METHOD_MATCH = YES;
				COPY_PHASE_STRIP = NO;
				DEBUG_INFORMATION_FORMAT = "dwarf-with-dsym";
				ENABLE_NS_ASSERTIONS = NO;
				ENABLE_STRICT_OBJC_MSGSEND = YES;
				GCC_C_LANGUAGE_STANDARD = gnu11;
				GCC_NO_COMMON_BLOCKS = YES;
				GCC_WARN_64_TO_32_BIT_CONVERSION = YES;
				GCC_WARN_ABOUT_RETURN_TYPE = YES_ERROR;
				GCC_WARN_UNDECLARED_SELECTOR = YES;
				GCC_WARN_UNINITIALIZED_AUTOS = YES_AGGRESSIVE;
				GCC_WARN_UNUSED_FUNCTION = YES;
				GCC_WARN_UNUSED_VARIABLE = YES;
				IPHONEOS_DEPLOYMENT_TARGET = 15.0;
				MTL_ENABLE_DEBUG_INFO = NO;
				MTL_FAST_MATH = YES;
				SDKROOT = iphoneos;
				SWIFT_COMPILATION_MODE = wholemodule;
				SWIFT_OPTIMIZATION_LEVEL = "-O";
				VALIDATE_PRODUCT = YES;
			};
			name = Release;
		};
		7882E74827ED2426009E511E /* Debug */ = {
			isa = XCBuildConfiguration;
			buildSettings = {
				ASSETCATALOG_COMPILER_APPICON_NAME = AppIcon;
				ASSETCATALOG_COMPILER_GLOBAL_ACCENT_COLOR_NAME = AccentColor;
				CODE_SIGN_STYLE = Automatic;
				CURRENT_PROJECT_VERSION = 1;
				GENERATE_INFOPLIST_FILE = YES;
				INFOPLIST_FILE = CountdownApp/Info.plist;
				INFOPLIST_KEY_UIApplicationSupportsIndirectInputEvents = YES;
				INFOPLIST_KEY_UILaunchStoryboardName = LaunchScreen;
				INFOPLIST_KEY_UIMainStoryboardFile = Main;
				INFOPLIST_KEY_UISupportedInterfaceOrientations_iPad = "UIInterfaceOrientationPortrait UIInterfaceOrientationPortraitUpsideDown UIInterfaceOrientationLandscapeLeft UIInterfaceOrientationLandscapeRight";
				INFOPLIST_KEY_UISupportedInterfaceOrientations_iPhone = "UIInterfaceOrientationPortrait UIInterfaceOrientationLandscapeLeft UIInterfaceOrientationLandscapeRight";
				LD_RUNPATH_SEARCH_PATHS = (
					"$(inherited)",
					"@executable_path/Frameworks",
				);
				MARKETING_VERSION = 1.0;
				PRODUCT_BUNDLE_IDENTIFIER = santidev.CountdownApp;
				PRODUCT_NAME = "$(TARGET_NAME)";
				SWIFT_EMIT_LOC_STRINGS = YES;
				SWIFT_VERSION = 5.0;
				TARGETED_DEVICE_FAMILY = "1,2";
			};
			name = Debug;
		};
		7882E74927ED2426009E511E /* Release */ = {
			isa = XCBuildConfiguration;
			buildSettings = {
				ASSETCATALOG_COMPILER_APPICON_NAME = AppIcon;
				ASSETCATALOG_COMPILER_GLOBAL_ACCENT_COLOR_NAME = AccentColor;
				CODE_SIGN_STYLE = Automatic;
				CURRENT_PROJECT_VERSION = 1;
				GENERATE_INFOPLIST_FILE = YES;
				INFOPLIST_FILE = CountdownApp/Info.plist;
				INFOPLIST_KEY_UIApplicationSupportsIndirectInputEvents = YES;
				INFOPLIST_KEY_UILaunchStoryboardName = LaunchScreen;
				INFOPLIST_KEY_UIMainStoryboardFile = Main;
				INFOPLIST_KEY_UISupportedInterfaceOrientations_iPad = "UIInterfaceOrientationPortrait UIInterfaceOrientationPortraitUpsideDown UIInterfaceOrientationLandscapeLeft UIInterfaceOrientationLandscapeRight";
				INFOPLIST_KEY_UISupportedInterfaceOrientations_iPhone = "UIInterfaceOrientationPortrait UIInterfaceOrientationLandscapeLeft UIInterfaceOrientationLandscapeRight";
				LD_RUNPATH_SEARCH_PATHS = (
					"$(inherited)",
					"@executable_path/Frameworks",
				);
				MARKETING_VERSION = 1.0;
				PRODUCT_BUNDLE_IDENTIFIER = santidev.CountdownApp;
				PRODUCT_NAME = "$(TARGET_NAME)";
				SWIFT_EMIT_LOC_STRINGS = YES;
				SWIFT_VERSION = 5.0;
				TARGETED_DEVICE_FAMILY = "1,2";
			};
			name = Release;
		};
		7882E74B27ED2426009E511E /* Debug */ = {
			isa = XCBuildConfiguration;
			buildSettings = {
				ALWAYS_EMBED_SWIFT_STANDARD_LIBRARIES = YES;
				BUNDLE_LOADER = "$(TEST_HOST)";
				CODE_SIGN_STYLE = Automatic;
				CURRENT_PROJECT_VERSION = 1;
				GENERATE_INFOPLIST_FILE = YES;
				IPHONEOS_DEPLOYMENT_TARGET = 15.0;
				LD_RUNPATH_SEARCH_PATHS = (
					"$(inherited)",
					"@executable_path/Frameworks",
					"@loader_path/Frameworks",
				);
				MARKETING_VERSION = 1.0;
				PRODUCT_BUNDLE_IDENTIFIER = santidev.CountdownAppTests;
				PRODUCT_NAME = "$(TARGET_NAME)";
				SWIFT_EMIT_LOC_STRINGS = NO;
				SWIFT_VERSION = 5.0;
				TARGETED_DEVICE_FAMILY = "1,2";
				TEST_HOST = "$(BUILT_PRODUCTS_DIR)/CountdownApp.app/CountdownApp";
			};
			name = Debug;
		};
		7882E74C27ED2426009E511E /* Release */ = {
			isa = XCBuildConfiguration;
			buildSettings = {
				ALWAYS_EMBED_SWIFT_STANDARD_LIBRARIES = YES;
				BUNDLE_LOADER = "$(TEST_HOST)";
				CODE_SIGN_STYLE = Automatic;
				CURRENT_PROJECT_VERSION = 1;
				GENERATE_INFOPLIST_FILE = YES;
				IPHONEOS_DEPLOYMENT_TARGET = 15.0;
				LD_RUNPATH_SEARCH_PATHS = (
					"$(inherited)",
					"@executable_path/Frameworks",
					"@loader_path/Frameworks",
				);
				MARKETING_VERSION = 1.0;
				PRODUCT_BUNDLE_IDENTIFIER = santidev.CountdownAppTests;
				PRODUCT_NAME = "$(TARGET_NAME)";
				SWIFT_EMIT_LOC_STRINGS = NO;
				SWIFT_VERSION = 5.0;
				TARGETED_DEVICE_FAMILY = "1,2";
				TEST_HOST = "$(BUILT_PRODUCTS_DIR)/CountdownApp.app/CountdownApp";
			};
			name = Release;
		};
		7882E74E27ED2426009E511E /* Debug */ = {
			isa = XCBuildConfiguration;
			buildSettings = {
				ALWAYS_EMBED_SWIFT_STANDARD_LIBRARIES = YES;
				CODE_SIGN_STYLE = Automatic;
				CURRENT_PROJECT_VERSION = 1;
				GENERATE_INFOPLIST_FILE = YES;
				LD_RUNPATH_SEARCH_PATHS = (
					"$(inherited)",
					"@executable_path/Frameworks",
					"@loader_path/Frameworks",
				);
				MARKETING_VERSION = 1.0;
				PRODUCT_BUNDLE_IDENTIFIER = santidev.CountdownAppUITests;
				PRODUCT_NAME = "$(TARGET_NAME)";
				SWIFT_EMIT_LOC_STRINGS = NO;
				SWIFT_VERSION = 5.0;
				TARGETED_DEVICE_FAMILY = "1,2";
				TEST_TARGET_NAME = CountdownApp;
			};
			name = Debug;
		};
		7882E74F27ED2426009E511E /* Release */ = {
			isa = XCBuildConfiguration;
			buildSettings = {
				ALWAYS_EMBED_SWIFT_STANDARD_LIBRARIES = YES;
				CODE_SIGN_STYLE = Automatic;
				CURRENT_PROJECT_VERSION = 1;
				GENERATE_INFOPLIST_FILE = YES;
				LD_RUNPATH_SEARCH_PATHS = (
					"$(inherited)",
					"@executable_path/Frameworks",
					"@loader_path/Frameworks",
				);
				MARKETING_VERSION = 1.0;
				PRODUCT_BUNDLE_IDENTIFIER = santidev.CountdownAppUITests;
				PRODUCT_NAME = "$(TARGET_NAME)";
				SWIFT_EMIT_LOC_STRINGS = NO;
				SWIFT_VERSION = 5.0;
				TARGETED_DEVICE_FAMILY = "1,2";
				TEST_TARGET_NAME = CountdownApp;
			};
			name = Release;
		};
/* End XCBuildConfiguration section */

/* Begin XCConfigurationList section */
		7882E71527ED241D009E511E /* Build configuration list for PBXProject "CountdownApp" */ = {
			isa = XCConfigurationList;
			buildConfigurations = (
				7882E74527ED2426009E511E /* Debug */,
				7882E74627ED2426009E511E /* Release */,
			);
			defaultConfigurationIsVisible = 0;
			defaultConfigurationName = Release;
		};
		7882E74727ED2426009E511E /* Build configuration list for PBXNativeTarget "CountdownApp" */ = {
			isa = XCConfigurationList;
			buildConfigurations = (
				7882E74827ED2426009E511E /* Debug */,
				7882E74927ED2426009E511E /* Release */,
			);
			defaultConfigurationIsVisible = 0;
			defaultConfigurationName = Release;
		};
		7882E74A27ED2426009E511E /* Build configuration list for PBXNativeTarget "CountdownAppTests" */ = {
			isa = XCConfigurationList;
			buildConfigurations = (
				7882E74B27ED2426009E511E /* Debug */,
				7882E74C27ED2426009E511E /* Release */,
			);
			defaultConfigurationIsVisible = 0;
			defaultConfigurationName = Release;
		};
		7882E74D27ED2426009E511E /* Build configuration list for PBXNativeTarget "CountdownAppUITests" */ = {
			isa = XCConfigurationList;
			buildConfigurations = (
				7882E74E27ED2426009E511E /* Debug */,
				7882E74F27ED2426009E511E /* Release */,
			);
			defaultConfigurationIsVisible = 0;
			defaultConfigurationName = Release;
		};
/* End XCConfigurationList section */

/* Begin XCVersionGroup section */
		7882E72627ED241E009E511E /* CountdownApp.xcdatamodeld */ = {
			isa = XCVersionGroup;
			children = (
				7882E72727ED241E009E511E /* CountdownApp.xcdatamodel */,
			);
			currentVersion = 7882E72727ED241E009E511E /* CountdownApp.xcdatamodel */;
			path = CountdownApp.xcdatamodeld;
			sourceTree = "<group>";
			versionGroupType = wrapper.xcdatamodel;
		};
/* End XCVersionGroup section */
	};
	rootObject = 7882E71227ED241D009E511E /* Project object */;
}
